
Microsoft Visual Studio Solution File, Format Version 12.00
# Visual Studio 2013
VisualStudioVersion = 12.0.40629.0
MinimumVisualStudioVersion = 10.0.40219.1
Project("{8BC9CEB8-8B4A-11D0-8D11-00A0C91BC942}") = "PhotoStudio", "Project\PhotoStudio\PhotoStudio.vcxproj", "{3E952423-DE97-4E89-99A5-915CF51AA371}"
	ProjectSection(ProjectDependencies) = postProject
		{2A921716-CC74-4C25-806F-C920B311C102} = {2A921716-CC74-4C25-806F-C920B311C102}
	EndProjectSection
EndProject
Project("{2150E333-8FDC-42A3-9474-1A3956D46DE8}") = "PhotoStudio", "PhotoStudio", "{C27CFAA1-96EC-413A-BC9D-85C098EDBE74}"
EndProject
Project("{2150E333-8FDC-42A3-9474-1A3956D46DE8}") = "PhotoStudioForms", "PhotoStudioForms", "{383E5969-C5A6-401D-B98E-FD0C6C8E6D11}"
EndProject
Project("{FAE04EC0-301F-11D3-BF4B-00C04F79EFBC}") = "PhotoStudioForms", "Project\PhotoStudioForms\PhotoStudioForms.csproj", "{EB4CDC67-14B5-44E4-B828-998C8AC03612}"
	ProjectSection(ProjectDependencies) = postProject
		{C1AB56CC-1088-4D70-B988-2A105BC0D42E} = {C1AB56CC-1088-4D70-B988-2A105BC0D42E}
	EndProjectSection
EndProject
Project("{8BC9CEB8-8B4A-11D0-8D11-00A0C91BC942}") = "BaseLibrary", "Project\BaseLibrary\BaseLibrary.vcxproj", "{2A921716-CC74-4C25-806F-C920B311C102}"
EndProject
Project("{8BC9CEB8-8B4A-11D0-8D11-00A0C91BC942}") = "BaseLibraryCli", "Project\BaseLibraryCli\BaseLibraryCli.vcxproj", "{C1AB56CC-1088-4D70-B988-2A105BC0D42E}"
	ProjectSection(ProjectDependencies) = postProject
		{2A921716-CC74-4C25-806F-C920B311C102} = {2A921716-CC74-4C25-806F-C920B311C102}
	EndProjectSection
EndProject
Global
	GlobalSection(SolutionConfigurationPlatforms) = preSolution
		Debug|Win32 = Debug|Win32
		Release|Win32 = Release|Win32
	EndGlobalSection
	GlobalSection(ProjectConfigurationPlatforms) = postSolution
		{3E952423-DE97-4E89-99A5-915CF51AA371}.Debug|Win32.ActiveCfg = Debug|Win32
		{3E952423-DE97-4E89-99A5-915CF51AA371}.Debug|Win32.Build.0 = Debug|Win32
		{3E952423-DE97-4E89-99A5-915CF51AA371}.Release|Win32.ActiveCfg = Release|Win32
		{3E952423-DE97-4E89-99A5-915CF51AA371}.Release|Win32.Build.0 = Release|Win32
		{EB4CDC67-14B5-44E4-B828-998C8AC03612}.Debug|Win32.ActiveCfg = Debug|x86
		{EB4CDC67-14B5-44E4-B828-998C8AC03612}.Debug|Win32.Build.0 = Debug|x86
		{EB4CDC67-14B5-44E4-B828-998C8AC03612}.Release|Win32.ActiveCfg = Release|x86
		{EB4CDC67-14B5-44E4-B828-998C8AC03612}.Release|Win32.Build.0 = Release|x86
		{2A921716-CC74-4C25-806F-C920B311C102}.Debug|Win32.ActiveCfg = Debug|Win32
		{2A921716-CC74-4C25-806F-C920B311C102}.Debug|Win32.Build.0 = Debug|Win32
		{2A921716-CC74-4C25-806F-C920B311C102}.Release|Win32.ActiveCfg = Release|Win32
		{2A921716-CC74-4C25-806F-C920B311C102}.Release|Win32.Build.0 = Release|Win32
		{C1AB56CC-1088-4D70-B988-2A105BC0D42E}.Debug|Win32.ActiveCfg = Debug|Win32
		{C1AB56CC-1088-4D70-B988-2A105BC0D42E}.Debug|Win32.Build.0 = Debug|Win32
		{C1AB56CC-1088-4D70-B988-2A105BC0D42E}.Release|Win32.ActiveCfg = Release|Win32
		{C1AB56CC-1088-4D70-B988-2A105BC0D42E}.Release|Win32.Build.0 = Release|Win32
	EndGlobalSection
	GlobalSection(SolutionProperties) = preSolution
		HideSolutionNode = FALSE
	EndGlobalSection
	GlobalSection(NestedProjects) = preSolution
		{3E952423-DE97-4E89-99A5-915CF51AA371} = {C27CFAA1-96EC-413A-BC9D-85C098EDBE74}
		{EB4CDC67-14B5-44E4-B828-998C8AC03612} = {383E5969-C5A6-401D-B98E-FD0C6C8E6D11}
		{2A921716-CC74-4C25-806F-C920B311C102} = {C27CFAA1-96EC-413A-BC9D-85C098EDBE74}
		{C1AB56CC-1088-4D70-B988-2A105BC0D42E} = {383E5969-C5A6-401D-B98E-FD0C6C8E6D11}
	EndGlobalSection
EndGlobal
