
Microsoft Visual Studio Solution File, Format Version 12.00
# Visual Studio 2013
VisualStudioVersion = 12.0.40629.0
MinimumVisualStudioVersion = 10.0.40219.1
Project("{8BC9CEB8-8B4A-11D0-8D11-00A0C91BC942}") = "PhotoStudio", "Project\PhotoStudio\PhotoStudio.vcxproj", "{3E952423-DE97-4E89-99A5-915CF51AA371}"
	ProjectSection(ProjectDependencies) = postProject
		{2A921716-CC74-4C25-806F-C920B311C102} = {2A921716-CC74-4C25-806F-C920B311C102}
	EndProjectSection
EndProject
Project("{2150E333-8FDC-42A3-9474-1A3956D46DE8}") = "Photo Studio", "Photo Studio", "{C27CFAA1-96EC-413A-BC9D-85C098EDBE74}"
EndProject
Project("{2150E333-8FDC-42A3-9474-1A3956D46DE8}") = "Photo Studio Forms", "Photo Studio Forms", "{383E5969-C5A6-401D-B98E-FD0C6C8E6D11}"
EndProject
Project("{FAE04EC0-301F-11D3-BF4B-00C04F79EFBC}") = "PhotoStudioForms", "Project\PhotoStudioForms\PhotoStudioForms.csproj", "{EB4CDC67-14B5-44E4-B828-998C8AC03612}"
	ProjectSection(ProjectDependencies) = postProject
		{C1AB56CC-1088-4D70-B988-2A105BC0D42E} = {C1AB56CC-1088-4D70-B988-2A105BC0D42E}
	EndProjectSection
EndProject
Project("{8BC9CEB8-8B4A-11D0-8D11-00A0C91BC942}") = "BaseLibrary", "Project\BaseLibrary\BaseLibrary.vcxproj", "{2A921716-CC74-4C25-806F-C920B311C102}"
EndProject
Project("{8BC9CEB8-8B4A-11D0-8D11-00A0C91BC942}") = "BaseLibraryCli", "Project\BaseLibraryCli\BaseLibraryCli.vcxproj", "{C1AB56CC-1088-4D70-B988-2A105BC0D42E}"
	ProjectSection(ProjectDependencies) = postProject
		{2A921716-CC74-4C25-806F-C920B311C102} = {2A921716-CC74-4C25-806F-C920B311C102}
	EndProjectSection
EndProject
Project("{2150E333-8FDC-42A3-9474-1A3956D46DE8}") = "Photo Studio MFC", "Photo Studio MFC", "{33F4BFED-D78F-4C94-B775-760462351B59}"
EndProject
Project("{8BC9CEB8-8B4A-11D0-8D11-00A0C91BC942}") = "PhotoStudioMfc", "Project\PhotoStudioMfc\PhotoStudioMfc.vcxproj", "{5AEA5743-F896-41F2-AD8A-ECD8FB6FD0BA}"
	ProjectSection(ProjectDependencies) = postProject
		{2A921716-CC74-4C25-806F-C920B311C102} = {2A921716-CC74-4C25-806F-C920B311C102}
	EndProjectSection
EndProject
Project("{8BC9CEB8-8B4A-11D0-8D11-00A0C91BC942}") = "BaseLibraryTest", "Project\BaseLibraryTest\BaseLibraryTest.vcxproj", "{FF3CADAF-ED0B-4B01-B374-3EFFE952FD8B}"
	ProjectSection(ProjectDependencies) = postProject
		{2A921716-CC74-4C25-806F-C920B311C102} = {2A921716-CC74-4C25-806F-C920B311C102}
	EndProjectSection
EndProject
Project("{2150E333-8FDC-42A3-9474-1A3956D46DE8}") = "Photo Studio Java", "Photo Studio Java", "{89695CD1-94A4-40FA-BB5A-741D6BEA315D}"
EndProject
Project("{8BC9CEB8-8B4A-11D0-8D11-00A0C91BC942}") = "PhotoStudioJni", "Project\PhotoStudioJni\PhotoStudioJni.vcxproj", "{94DBFC32-CF27-47AA-8FE1-7967A486E722}"
EndProject
Project("{2150E333-8FDC-42A3-9474-1A3956D46DE8}") = "Audio Studio", "Audio Studio", "{3AAC497D-10BB-45FB-9B9C-DE9E214014D4}"
EndProject
Project("{8BC9CEB8-8B4A-11D0-8D11-00A0C91BC942}") = "AudioStudio", "Project\AudioStudio\AudioStudio.vcxproj", "{82E5D896-019F-44A1-A6B1-251D324BBBF7}"
	ProjectSection(ProjectDependencies) = postProject
		{2A921716-CC74-4C25-806F-C920B311C102} = {2A921716-CC74-4C25-806F-C920B311C102}
	EndProjectSection
EndProject
Project("{8BC9CEB8-8B4A-11D0-8D11-00A0C91BC942}") = "PhotoStudioImu", "Project\PhotoStudioImu\PhotoStudioImu.vcxproj", "{789458A7-FC13-4891-8693-7416BB72D3C9}"
	ProjectSection(ProjectDependencies) = postProject
		{50657904-C6F2-40B8-9A37-E8F749538E39} = {50657904-C6F2-40B8-9A37-E8F749538E39}
		{2A921716-CC74-4C25-806F-C920B311C102} = {2A921716-CC74-4C25-806F-C920B311C102}
	EndProjectSection
EndProject
Project("{8BC9CEB8-8B4A-11D0-8D11-00A0C91BC942}") = "BaseLibraryImu", "Project\BaseLibraryImu\BaseLibraryImu.vcxproj", "{50657904-C6F2-40B8-9A37-E8F749538E39}"
EndProject
Project("{2150E333-8FDC-42A3-9474-1A3956D46DE8}") = "Photo Studio ImGui", "Photo Studio ImGui", "{A4A39518-356B-4205-B144-3F978C05A1B9}"
EndProject
Global
	GlobalSection(SolutionConfigurationPlatforms) = preSolution
		Debug|Mixed Platforms = Debug|Mixed Platforms
		Debug|Win32 = Debug|Win32
		Release|Mixed Platforms = Release|Mixed Platforms
		Release|Win32 = Release|Win32
	EndGlobalSection
	GlobalSection(ProjectConfigurationPlatforms) = postSolution
		{3E952423-DE97-4E89-99A5-915CF51AA371}.Debug|Mixed Platforms.ActiveCfg = Debug|Win32
		{3E952423-DE97-4E89-99A5-915CF51AA371}.Debug|Mixed Platforms.Build.0 = Debug|Win32
		{3E952423-DE97-4E89-99A5-915CF51AA371}.Debug|Win32.ActiveCfg = Debug|Win32
		{3E952423-DE97-4E89-99A5-915CF51AA371}.Debug|Win32.Build.0 = Debug|Win32
		{3E952423-DE97-4E89-99A5-915CF51AA371}.Release|Mixed Platforms.ActiveCfg = Release|Win32
		{3E952423-DE97-4E89-99A5-915CF51AA371}.Release|Mixed Platforms.Build.0 = Release|Win32
		{3E952423-DE97-4E89-99A5-915CF51AA371}.Release|Win32.ActiveCfg = Release|Win32
		{3E952423-DE97-4E89-99A5-915CF51AA371}.Release|Win32.Build.0 = Release|Win32
		{EB4CDC67-14B5-44E4-B828-998C8AC03612}.Debug|Mixed Platforms.ActiveCfg = Debug|x86
		{EB4CDC67-14B5-44E4-B828-998C8AC03612}.Debug|Mixed Platforms.Build.0 = Debug|x86
		{EB4CDC67-14B5-44E4-B828-998C8AC03612}.Debug|Win32.ActiveCfg = Debug|x86
		{EB4CDC67-14B5-44E4-B828-998C8AC03612}.Debug|Win32.Build.0 = Debug|x86
		{EB4CDC67-14B5-44E4-B828-998C8AC03612}.Release|Mixed Platforms.ActiveCfg = Release|x86
		{EB4CDC67-14B5-44E4-B828-998C8AC03612}.Release|Mixed Platforms.Build.0 = Release|x86
		{EB4CDC67-14B5-44E4-B828-998C8AC03612}.Release|Win32.ActiveCfg = Release|x86
		{EB4CDC67-14B5-44E4-B828-998C8AC03612}.Release|Win32.Build.0 = Release|x86
		{2A921716-CC74-4C25-806F-C920B311C102}.Debug|Mixed Platforms.ActiveCfg = Debug|Win32
		{2A921716-CC74-4C25-806F-C920B311C102}.Debug|Mixed Platforms.Build.0 = Debug|Win32
		{2A921716-CC74-4C25-806F-C920B311C102}.Debug|Win32.ActiveCfg = Debug|Win32
		{2A921716-CC74-4C25-806F-C920B311C102}.Debug|Win32.Build.0 = Debug|Win32
		{2A921716-CC74-4C25-806F-C920B311C102}.Release|Mixed Platforms.ActiveCfg = Release|Win32
		{2A921716-CC74-4C25-806F-C920B311C102}.Release|Mixed Platforms.Build.0 = Release|Win32
		{2A921716-CC74-4C25-806F-C920B311C102}.Release|Win32.ActiveCfg = Release|Win32
		{2A921716-CC74-4C25-806F-C920B311C102}.Release|Win32.Build.0 = Release|Win32
		{C1AB56CC-1088-4D70-B988-2A105BC0D42E}.Debug|Mixed Platforms.ActiveCfg = Debug|Win32
		{C1AB56CC-1088-4D70-B988-2A105BC0D42E}.Debug|Mixed Platforms.Build.0 = Debug|Win32
		{C1AB56CC-1088-4D70-B988-2A105BC0D42E}.Debug|Win32.ActiveCfg = Debug|Win32
		{C1AB56CC-1088-4D70-B988-2A105BC0D42E}.Debug|Win32.Build.0 = Debug|Win32
		{C1AB56CC-1088-4D70-B988-2A105BC0D42E}.Release|Mixed Platforms.ActiveCfg = Release|Win32
		{C1AB56CC-1088-4D70-B988-2A105BC0D42E}.Release|Mixed Platforms.Build.0 = Release|Win32
		{C1AB56CC-1088-4D70-B988-2A105BC0D42E}.Release|Win32.ActiveCfg = Release|Win32
		{C1AB56CC-1088-4D70-B988-2A105BC0D42E}.Release|Win32.Build.0 = Release|Win32
		{5AEA5743-F896-41F2-AD8A-ECD8FB6FD0BA}.Debug|Mixed Platforms.ActiveCfg = Debug|Win32
		{5AEA5743-F896-41F2-AD8A-ECD8FB6FD0BA}.Debug|Mixed Platforms.Build.0 = Debug|Win32
		{5AEA5743-F896-41F2-AD8A-ECD8FB6FD0BA}.Debug|Win32.ActiveCfg = Debug|Win32
		{5AEA5743-F896-41F2-AD8A-ECD8FB6FD0BA}.Debug|Win32.Build.0 = Debug|Win32
		{5AEA5743-F896-41F2-AD8A-ECD8FB6FD0BA}.Release|Mixed Platforms.ActiveCfg = Release|Win32
		{5AEA5743-F896-41F2-AD8A-ECD8FB6FD0BA}.Release|Mixed Platforms.Build.0 = Release|Win32
		{5AEA5743-F896-41F2-AD8A-ECD8FB6FD0BA}.Release|Win32.ActiveCfg = Release|Win32
		{5AEA5743-F896-41F2-AD8A-ECD8FB6FD0BA}.Release|Win32.Build.0 = Release|Win32
		{FF3CADAF-ED0B-4B01-B374-3EFFE952FD8B}.Debug|Mixed Platforms.ActiveCfg = Debug|Win32
		{FF3CADAF-ED0B-4B01-B374-3EFFE952FD8B}.Debug|Mixed Platforms.Build.0 = Debug|Win32
		{FF3CADAF-ED0B-4B01-B374-3EFFE952FD8B}.Debug|Win32.ActiveCfg = Debug|Win32
		{FF3CADAF-ED0B-4B01-B374-3EFFE952FD8B}.Debug|Win32.Build.0 = Debug|Win32
		{FF3CADAF-ED0B-4B01-B374-3EFFE952FD8B}.Release|Mixed Platforms.ActiveCfg = Release|Win32
		{FF3CADAF-ED0B-4B01-B374-3EFFE952FD8B}.Release|Mixed Platforms.Build.0 = Release|Win32
		{FF3CADAF-ED0B-4B01-B374-3EFFE952FD8B}.Release|Win32.ActiveCfg = Release|Win32
		{FF3CADAF-ED0B-4B01-B374-3EFFE952FD8B}.Release|Win32.Build.0 = Release|Win32
		{94DBFC32-CF27-47AA-8FE1-7967A486E722}.Debug|Mixed Platforms.ActiveCfg = Debug|Win32
		{94DBFC32-CF27-47AA-8FE1-7967A486E722}.Debug|Mixed Platforms.Build.0 = Debug|Win32
		{94DBFC32-CF27-47AA-8FE1-7967A486E722}.Debug|Win32.ActiveCfg = Debug|Win32
		{94DBFC32-CF27-47AA-8FE1-7967A486E722}.Debug|Win32.Build.0 = Debug|Win32
		{94DBFC32-CF27-47AA-8FE1-7967A486E722}.Release|Mixed Platforms.ActiveCfg = Release|Win32
		{94DBFC32-CF27-47AA-8FE1-7967A486E722}.Release|Mixed Platforms.Build.0 = Release|Win32
		{94DBFC32-CF27-47AA-8FE1-7967A486E722}.Release|Win32.ActiveCfg = Release|Win32
		{94DBFC32-CF27-47AA-8FE1-7967A486E722}.Release|Win32.Build.0 = Release|Win32
		{82E5D896-019F-44A1-A6B1-251D324BBBF7}.Debug|Mixed Platforms.ActiveCfg = Debug|Win32
		{82E5D896-019F-44A1-A6B1-251D324BBBF7}.Debug|Mixed Platforms.Build.0 = Debug|Win32
		{82E5D896-019F-44A1-A6B1-251D324BBBF7}.Debug|Win32.ActiveCfg = Debug|Win32
		{82E5D896-019F-44A1-A6B1-251D324BBBF7}.Debug|Win32.Build.0 = Debug|Win32
		{82E5D896-019F-44A1-A6B1-251D324BBBF7}.Release|Mixed Platforms.ActiveCfg = Release|Win32
		{82E5D896-019F-44A1-A6B1-251D324BBBF7}.Release|Mixed Platforms.Build.0 = Release|Win32
		{82E5D896-019F-44A1-A6B1-251D324BBBF7}.Release|Win32.ActiveCfg = Release|Win32
		{82E5D896-019F-44A1-A6B1-251D324BBBF7}.Release|Win32.Build.0 = Release|Win32
		{789458A7-FC13-4891-8693-7416BB72D3C9}.Debug|Mixed Platforms.ActiveCfg = Debug|Win32
		{789458A7-FC13-4891-8693-7416BB72D3C9}.Debug|Mixed Platforms.Build.0 = Debug|Win32
		{789458A7-FC13-4891-8693-7416BB72D3C9}.Debug|Win32.ActiveCfg = Debug|Win32
		{789458A7-FC13-4891-8693-7416BB72D3C9}.Debug|Win32.Build.0 = Debug|Win32
		{789458A7-FC13-4891-8693-7416BB72D3C9}.Release|Mixed Platforms.ActiveCfg = Release|Win32
		{789458A7-FC13-4891-8693-7416BB72D3C9}.Release|Mixed Platforms.Build.0 = Release|Win32
		{789458A7-FC13-4891-8693-7416BB72D3C9}.Release|Win32.ActiveCfg = Release|Win32
		{789458A7-FC13-4891-8693-7416BB72D3C9}.Release|Win32.Build.0 = Release|Win32
		{50657904-C6F2-40B8-9A37-E8F749538E39}.Debug|Mixed Platforms.ActiveCfg = Debug|Win32
		{50657904-C6F2-40B8-9A37-E8F749538E39}.Debug|Mixed Platforms.Build.0 = Debug|Win32
		{50657904-C6F2-40B8-9A37-E8F749538E39}.Debug|Win32.ActiveCfg = Debug|Win32
		{50657904-C6F2-40B8-9A37-E8F749538E39}.Debug|Win32.Build.0 = Debug|Win32
		{50657904-C6F2-40B8-9A37-E8F749538E39}.Release|Mixed Platforms.ActiveCfg = Release|Win32
		{50657904-C6F2-40B8-9A37-E8F749538E39}.Release|Mixed Platforms.Build.0 = Release|Win32
		{50657904-C6F2-40B8-9A37-E8F749538E39}.Release|Win32.ActiveCfg = Release|Win32
		{50657904-C6F2-40B8-9A37-E8F749538E39}.Release|Win32.Build.0 = Release|Win32
	EndGlobalSection
	GlobalSection(SolutionProperties) = preSolution
		HideSolutionNode = FALSE
	EndGlobalSection
	GlobalSection(NestedProjects) = preSolution
		{3E952423-DE97-4E89-99A5-915CF51AA371} = {C27CFAA1-96EC-413A-BC9D-85C098EDBE74}
		{EB4CDC67-14B5-44E4-B828-998C8AC03612} = {383E5969-C5A6-401D-B98E-FD0C6C8E6D11}
		{2A921716-CC74-4C25-806F-C920B311C102} = {C27CFAA1-96EC-413A-BC9D-85C098EDBE74}
		{C1AB56CC-1088-4D70-B988-2A105BC0D42E} = {383E5969-C5A6-401D-B98E-FD0C6C8E6D11}
		{5AEA5743-F896-41F2-AD8A-ECD8FB6FD0BA} = {33F4BFED-D78F-4C94-B775-760462351B59}
		{FF3CADAF-ED0B-4B01-B374-3EFFE952FD8B} = {C27CFAA1-96EC-413A-BC9D-85C098EDBE74}
		{94DBFC32-CF27-47AA-8FE1-7967A486E722} = {89695CD1-94A4-40FA-BB5A-741D6BEA315D}
		{82E5D896-019F-44A1-A6B1-251D324BBBF7} = {3AAC497D-10BB-45FB-9B9C-DE9E214014D4}
		{789458A7-FC13-4891-8693-7416BB72D3C9} = {A4A39518-356B-4205-B144-3F978C05A1B9}
		{50657904-C6F2-40B8-9A37-E8F749538E39} = {A4A39518-356B-4205-B144-3F978C05A1B9}
	EndGlobalSection
EndGlobal
