<?xml version="1.0" encoding="utf-8"?>
<Project ToolsVersion="4.0" xmlns="http://schemas.microsoft.com/developer/msbuild/2003">
  <ItemGroup>
    <Filter Include="AudioData">
      <UniqueIdentifier>{eb19af6b-ae27-4e53-86ff-c31c8501403c}</UniqueIdentifier>
    </Filter>
    <Filter Include="ImageData">
      <UniqueIdentifier>{18d324f8-fdb2-4686-ae2e-50d5f851e8b6}</UniqueIdentifier>
    </Filter>
    <Filter Include="ImageStream">
      <UniqueIdentifier>{d47924ea-c1d2-4503-b11b-017bfa4f384f}</UniqueIdentifier>
    </Filter>
    <Filter Include="AudioStream">
      <UniqueIdentifier>{7bbb668e-7e70-4c99-af06-7484280de98e}</UniqueIdentifier>
    </Filter>
    <Filter Include="UI">
      <UniqueIdentifier>{4aed478f-cf71-4726-81bd-1154e0dddaaf}</UniqueIdentifier>
    </Filter>
    <Filter Include="String">
      <UniqueIdentifier>{4b9eabe6-a715-4690-9896-7e6021b1e164}</UniqueIdentifier>
    </Filter>
    <Filter Include="AudioDevice">
      <UniqueIdentifier>{22153253-1dc7-404c-a950-56071b0cbbc0}</UniqueIdentifier>
    </Filter>
    <Filter Include="System">
      <UniqueIdentifier>{9a2358a3-b395-42ab-8a29-4c5dac2ca933}</UniqueIdentifier>
    </Filter>
    <Filter Include="Math">
      <UniqueIdentifier>{ac6fbf5b-5233-44fc-8361-9faad7a11856}</UniqueIdentifier>
    </Filter>
  </ItemGroup>
  <ItemGroup>
    <ClInclude Include="..\..\Common\Generic\Include\AudioData.h">
      <Filter>AudioData</Filter>
    </ClInclude>
    <ClInclude Include="..\..\Common\Generic\Include\IAudioData.h">
      <Filter>AudioData</Filter>
    </ClInclude>
    <ClInclude Include="..\..\Common\Generic\Include\IImageData.h">
      <Filter>ImageData</Filter>
    </ClInclude>
    <ClInclude Include="..\..\Common\Generic\Include\ImageData.h">
      <Filter>ImageData</Filter>
    </ClInclude>
    <ClInclude Include="..\..\Common\Generic\Include\ImageWriter.h">
      <Filter>ImageStream</Filter>
    </ClInclude>
    <ClInclude Include="..\..\Common\Generic\Include\ImageReader.h">
      <Filter>ImageStream</Filter>
    </ClInclude>
    <ClInclude Include="..\..\Common\Generic\Include\WaveAudioWriter.h">
      <Filter>AudioStream</Filter>
    </ClInclude>
    <ClInclude Include="..\..\Common\Generic\Include\WaveAudioReader.h">
      <Filter>AudioStream</Filter>
    </ClInclude>
    <ClInclude Include="..\..\Common\Generic\Include\RiffTypes.h">
      <Filter>AudioStream</Filter>
    </ClInclude>
    <ClInclude Include="..\..\Common\Generic\Include\WaveFileTypes.h">
      <Filter>AudioStream</Filter>
    </ClInclude>
    <ClInclude Include="..\..\Common\Windows\Include\MenuLibrary.h">
      <Filter>UI</Filter>
    </ClInclude>
    <ClInclude Include="..\..\Common\Generic\Include\StringConv.h">
      <Filter>String</Filter>
    </ClInclude>
    <ClInclude Include="..\..\Common\Windows\Include\AudioPlayer.h">
      <Filter>AudioDevice</Filter>
    </ClInclude>
    <ClInclude Include="..\..\Common\Windows\Include\WaveDeviceOut.h">
      <Filter>AudioDevice</Filter>
    </ClInclude>
    <ClInclude Include="..\..\Common\Windows\Include\FontUtilities.h">
      <Filter>System</Filter>
    </ClInclude>
    <ClInclude Include="..\..\Common\Generic\Include\Math\Mat33.h">
      <Filter>Math</Filter>
    </ClInclude>
    <ClInclude Include="..\..\Common\Generic\Include\Math\Vec2.h">
      <Filter>Math</Filter>
    </ClInclude>
    <ClInclude Include="..\..\Common\Generic\Include\Math\Vec3.h">
      <Filter>Math</Filter>
    </ClInclude>
    <ClInclude Include="..\..\Common\Generic\Include\Math\Mat22.h">
      <Filter>Math</Filter>
    </ClInclude>
    <ClInclude Include="..\..\Common\Generic\Include\Math\Region2.h">
      <Filter>Math</Filter>
    </ClInclude>
    <ClInclude Include="..\..\Common\Generic\Include\Math\Size2.h">
      <Filter>Math</Filter>
    </ClInclude>
    <ClInclude Include="..\..\Common\Generic\Include\Math\Rect2.h">
      <Filter>Math</Filter>
    </ClInclude>
  </ItemGroup>
  <ItemGroup>
    <ClCompile Include="..\..\Common\Generic\Source\AudioData.cpp">
      <Filter>AudioData</Filter>
    </ClCompile>
    <ClCompile Include="..\..\Common\Generic\Source\ImageData.cpp">
      <Filter>ImageData</Filter>
    </ClCompile>
    <ClCompile Include="..\..\Common\Generic\Source\ImageReader.cpp">
      <Filter>ImageStream</Filter>
    </ClCompile>
    <ClCompile Include="..\..\Common\Generic\Source\ImageWriter.cpp">
      <Filter>ImageStream</Filter>
    </ClCompile>
    <ClCompile Include="..\..\Common\Generic\Source\WaveAudioReader.cpp">
      <Filter>AudioStream</Filter>
    </ClCompile>
    <ClCompile Include="..\..\Common\Generic\Source\WaveAudioWriter.cpp">
      <Filter>AudioStream</Filter>
    </ClCompile>
    <ClCompile Include="..\..\Common\Windows\Source\MenuLibrary.cpp">
      <Filter>UI</Filter>
    </ClCompile>
    <ClCompile Include="..\..\Common\Generic\Source\StringConv.cpp">
      <Filter>String</Filter>
    </ClCompile>
    <ClCompile Include="..\..\Common\Windows\Source\AudioPlayer.cpp">
      <Filter>AudioDevice</Filter>
    </ClCompile>
    <ClCompile Include="..\..\Common\Windows\Source\WaveDeviceOut.cpp">
      <Filter>AudioDevice</Filter>
    </ClCompile>
    <ClCompile Include="..\..\Common\Windows\Source\FontUtilities.cpp">
      <Filter>System</Filter>
    </ClCompile>
    <ClCompile Include="..\..\Common\Generic\Source\Math\Mat.cpp">
      <Filter>Math</Filter>
    </ClCompile>
    <ClCompile Include="..\..\Common\Generic\Source\Math\Vec.cpp">
      <Filter>Math</Filter>
    </ClCompile>
  </ItemGroup>
</Project>